# This file is automatically @generated by Poetry 1.6.1 and should not be changed by hand.

[[package]]
name = "dearpygui"
version = "1.10.1"
description = "DearPyGui: A simple Python GUI Toolkit"
optional = false
python-versions = ">=3.7"
files = [
    {file = "dearpygui-1.10.1-cp310-cp310-macosx_10_6_x86_64.whl", hash = "sha256:ef1f1a8dbbd2dac9ea4fbf9d37e7812741e9a33de03ce385e398258750966a85"},
    {file = "dearpygui-1.10.1-cp310-cp310-manylinux1_x86_64.whl", hash = "sha256:7dc32b229d89b10ec4f647414738783afc2d6aa09c28c9f7384b07023b6ee261"},
    {file = "dearpygui-1.10.1-cp310-cp310-win_amd64.whl", hash = "sha256:8047f4ac06fb774c1335a98d3dbb47337b07e17629a85789740298a61e6ae999"},
    {file = "dearpygui-1.10.1-cp311-cp311-macosx_10_6_x86_64.whl", hash = "sha256:e87016bdd388d0e33080cd2033047f6c58df7808e1c3e14a1b0d736b2184e1ce"},
    {file = "dearpygui-1.10.1-cp311-cp311-manylinux1_x86_64.whl", hash = "sha256:ac4e1cb01cd53490df20365645fbd0296bac093b8a415c805c18cad0aa85cac6"},
    {file = "dearpygui-1.10.1-cp311-cp311-win_amd64.whl", hash = "sha256:1711a5cc991eaa6bc8a7a3cadb3845236c16b6753dc46b2fd1f4285db57d998e"},
    {file = "dearpygui-1.10.1-cp312-cp312-macosx_10_6_x86_64.whl", hash = "sha256:e506507ee5344bb8d059d333c4dd77cd61bb4850f66fc4b5508ffa4f456f5a98"},
    {file = "dearpygui-1.10.1-cp312-cp312-manylinux1_x86_64.whl", hash = "sha256:ed0d58e057636c4b79aee14d09b78042b122f42a6bef08d9901239de3361449d"},
    {file = "dearpygui-1.10.1-cp312-cp312-win_amd64.whl", hash = "sha256:5350d2a03da789684fcd384d7ee9e0ea029ecf134bef30d134c439d35c9d60b4"},
    {file = "dearpygui-1.10.1-cp37-cp37m-macosx_10_6_x86_64.whl", hash = "sha256:d36b16afd0dd22674a59195e2ba37b787ea18bfb4ca96c460d6b7795f2c56980"},
    {file = "dearpygui-1.10.1-cp37-cp37m-manylinux1_x86_64.whl", hash = "sha256:2d94b23bed91e121ad4556b811fe164598c5b4dc94a19e3195bb70a4ff632759"},
    {file = "dearpygui-1.10.1-cp37-cp37m-win_amd64.whl", hash = "sha256:d1b877a147971e062d3c006027e880fd2b88dad9d198620f12b8407dddb1f795"},
    {file = "dearpygui-1.10.1-cp38-cp38-macosx_10_6_x86_64.whl", hash = "sha256:0e30634f1f8c13994ec59c58048e97103e672f792145a57aab4a7c39c6445e5e"},
    {file = "dearpygui-1.10.1-cp38-cp38-manylinux1_x86_64.whl", hash = "sha256:d2cb73d22ec6c186c039c60c22efa5fc94f0562793bf20996d9eeae5ee601d55"},
    {file = "dearpygui-1.10.1-cp38-cp38-win_amd64.whl", hash = "sha256:2a8a1305ad6bfbc6f46968067b7f02d8404f2df21a13627e8c93cdabbb30f37b"},
    {file = "dearpygui-1.10.1-cp39-cp39-macosx_10_6_x86_64.whl", hash = "sha256:a2e722e5b1fb8ab8d25e3ed82a790778849c1c66a522a327a73e25e218f98873"},
    {file = "dearpygui-1.10.1-cp39-cp39-manylinux1_x86_64.whl", hash = "sha256:358a221d5f53b584e7bbc76e2ad7ca012991debdd74ea3a6cfc8e2ed0ea51c92"},
    {file = "dearpygui-1.10.1-cp39-cp39-win_amd64.whl", hash = "sha256:5ccb75b5377e5d4fcd6358ac2164418301b2747a78fee55422e3995d167d364a"},
]

[[package]]
name = "flake8"
version = "6.1.0"
description = "the modular source code checker: pep8 pyflakes and co"
optional = false
python-versions = ">=3.8.1"
files = [
    {file = "flake8-6.1.0-py2.py3-none-any.whl", hash = "sha256:ffdfce58ea94c6580c77888a86506937f9a1a227dfcd15f245d694ae20a6b6e5"},
    {file = "flake8-6.1.0.tar.gz", hash = "sha256:d5b3857f07c030bdb5bf41c7f53799571d75c4491748a3adcd47de929e34cd23"},
]

[package.dependencies]
mccabe = ">=0.7.0,<0.8.0"
pycodestyle = ">=2.11.0,<2.12.0"
pyflakes = ">=3.1.0,<3.2.0"

[[package]]
name = "mccabe"
version = "0.7.0"
description = "McCabe checker, plugin for flake8"
optional = false
python-versions = ">=3.6"
files = [
    {file = "mccabe-0.7.0-py2.py3-none-any.whl", hash = "sha256:6c2d30ab6be0e4a46919781807b4f0d834ebdd6c6e3dca0bda5a15f863427b6e"},
    {file = "mccabe-0.7.0.tar.gz", hash = "sha256:348e0240c33b60bbdf4e523192ef919f28cb2c3d7d5c7794f74009290f236325"},
]

[[package]]
name = "pycodestyle"
version = "2.11.1"
description = "Python style guide checker"
optional = false
python-versions = ">=3.8"
files = [
    {file = "pycodestyle-2.11.1-py2.py3-none-any.whl", hash = "sha256:44fe31000b2d866f2e41841b18528a505fbd7fef9017b04eff4e2648a0fadc67"},
    {file = "pycodestyle-2.11.1.tar.gz", hash = "sha256:41ba0e7afc9752dfb53ced5489e89f8186be00e599e712660695b7a75ff2663f"},
]

[[package]]
name = "pyflakes"
version = "3.1.0"
description = "passive checker of Python programs"
optional = false
python-versions = ">=3.8"
files = [
    {file = "pyflakes-3.1.0-py2.py3-none-any.whl", hash = "sha256:4132f6d49cb4dae6819e5379898f2b8cce3c5f23994194c24b77d5da2e36f774"},
    {file = "pyflakes-3.1.0.tar.gz", hash = "sha256:a0aae034c444db0071aa077972ba4768d40c830d9539fd45bf4cd3f8f6992efc"},
]

[metadata]
lock-version = "2.0"
python-versions = "^3.11"
content-hash = "60fbbf89dc091a142f4afb545235a5a9339d296395dd791b656a95b02cb44f49"
